
Microsoft Visual Studio Solution File, Format Version 12.00
# Visual Studio 15
VisualStudioVersion = 15.0.27130.2027
MinimumVisualStudioVersion = 10.0.40219.1
Project("{8BC9CEB8-8B4A-11D0-8D11-00A0C91BC942}") = "SortingAlgorithm", "SortingAlgorithm\SortingAlgorithm.vcxproj", "{2D0A912F-93A6-43F6-9C46-5B7D5600A931}"
EndProject
Global
	GlobalSection(SolutionConfigurationPlatforms) = preSolution
		Debug|x64 = Debug|x64
		Debug|x86 = Debug|x86
		Release|x64 = Release|x64
		Release|x86 = Release|x86
	EndGlobalSection
	GlobalSection(ProjectConfigurationPlatforms) = postSolution
		{2D0A912F-93A6-43F6-9C46-5B7D5600A931}.Debug|x64.ActiveCfg = Debug|x64
		{2D0A912F-93A6-43F6-9C46-5B7D5600A931}.Debug|x64.Build.0 = Debug|x64
		{2D0A912F-93A6-43F6-9C46-5B7D5600A931}.Debug|x86.ActiveCfg = Debug|Win32
		{2D0A912F-93A6-43F6-9C46-5B7D5600A931}.Debug|x86.Build.0 = Debug|Win32
		{2D0A912F-93A6-43F6-9C46-5B7D5600A931}.Release|x64.ActiveCfg = Release|x64
		{2D0A912F-93A6-43F6-9C46-5B7D5600A931}.Release|x64.Build.0 = Release|x64
		{2D0A912F-93A6-43F6-9C46-5B7D5600A931}.Release|x86.ActiveCfg = Release|Win32
		{2D0A912F-93A6-43F6-9C46-5B7D5600A931}.Release|x86.Build.0 = Release|Win32
	EndGlobalSection
	GlobalSection(SolutionProperties) = preSolution
		HideSolutionNode = FALSE
	EndGlobalSection
	GlobalSection(ExtensibilityGlobals) = postSolution
		SolutionGuid = {C341E77F-F384-491B-AC4C-6AEF7AEF3D54}
	EndGlobalSection
EndGlobal
